
Microsoft Visual Studio Solution File, Format Version 12.00
# Visual Studio Version 16
VisualStudioVersion = 16.0.28803.352
MinimumVisualStudioVersion = 10.0.40219.1
Project("{8BC9CEB8-8B4A-11D0-8D11-00A0C91BC942}") = "18127140_18127204", "18127140_18127204\18127140_18127204.vcxproj", "{BCFF9597-7060-4A50-BC91-DAFAAD928191}"
EndProject
Global
	GlobalSection(SolutionConfigurationPlatforms) = preSolution
		Debug|x64 = Debug|x64
		Debug|x86 = Debug|x86
		Release|x64 = Release|x64
		Release|x86 = Release|x86
	EndGlobalSection
	GlobalSection(ProjectConfigurationPlatforms) = postSolution
		{BCFF9597-7060-4A50-BC91-DAFAAD928191}.Debug|x64.ActiveCfg = Debug|x64
		{BCFF9597-7060-4A50-BC91-DAFAAD928191}.Debug|x64.Build.0 = Debug|x64
		{BCFF9597-7060-4A50-BC91-DAFAAD928191}.Debug|x86.ActiveCfg = Debug|Win32
		{BCFF9597-7060-4A50-BC91-DAFAAD928191}.Debug|x86.Build.0 = Debug|Win32
		{BCFF9597-7060-4A50-BC91-DAFAAD928191}.Release|x64.ActiveCfg = Release|x64
		{BCFF9597-7060-4A50-BC91-DAFAAD928191}.Release|x64.Build.0 = Release|x64
		{BCFF9597-7060-4A50-BC91-DAFAAD928191}.Release|x86.ActiveCfg = Release|Win32
		{BCFF9597-7060-4A50-BC91-DAFAAD928191}.Release|x86.Build.0 = Release|Win32
	EndGlobalSection
	GlobalSection(SolutionProperties) = preSolution
		HideSolutionNode = FALSE
	EndGlobalSection
	GlobalSection(ExtensibilityGlobals) = postSolution
		SolutionGuid = {C3B41FEA-8450-4E73-BF5D-720157C66DFB}
	EndGlobalSection
EndGlobal
